
Microsoft Visual Studio Solution File, Format Version 12.00
# Visual Studio 15
VisualStudioVersion = 15.0.28307.136
MinimumVisualStudioVersion = 10.0.40219.1
Project("{FAE04EC0-301F-11D3-BF4B-00C04F79EFBC}") = "LinqCoreJoinSelectsPerformanceComparison", "LinqCoreJoinSelectsPerformanceComparison\LinqCoreJoinSelectsPerformanceComparison.csproj", "{294D1C80-8EAF-4780-8355-B9C365E2E44A}"
EndProject
Global
	GlobalSection(SolutionConfigurationPlatforms) = preSolution
		Debug|Any CPU = Debug|Any CPU
		Release|Any CPU = Release|Any CPU
	EndGlobalSection
	GlobalSection(ProjectConfigurationPlatforms) = postSolution
		{294D1C80-8EAF-4780-8355-B9C365E2E44A}.Debug|Any CPU.ActiveCfg = Debug|Any CPU
		{294D1C80-8EAF-4780-8355-B9C365E2E44A}.Debug|Any CPU.Build.0 = Debug|Any CPU
		{294D1C80-8EAF-4780-8355-B9C365E2E44A}.Release|Any CPU.ActiveCfg = Release|Any CPU
		{294D1C80-8EAF-4780-8355-B9C365E2E44A}.Release|Any CPU.Build.0 = Release|Any CPU
	EndGlobalSection
	GlobalSection(SolutionProperties) = preSolution
		HideSolutionNode = FALSE
	EndGlobalSection
	GlobalSection(ExtensibilityGlobals) = postSolution
		SolutionGuid = {16CECE99-217E-449F-B92C-FA49AE2DEC86}
	EndGlobalSection
EndGlobal
